// !$*UTF8*$!
{
	archiveVersion = 1;
	classes = {
	};
	objectVersion = 55;
	objects = {

/* Begin PBXBuildFile section */
		6D11FCB32871DD8A003DD6ED /* LabelSettingView.swift in Sources */ = {isa = PBXBuildFile; fileRef = 6D11FCB22871DD8A003DD6ED /* LabelSettingView.swift */; };
		6D11FCB528751A89003DD6ED /* RepeatDaySettingView.swift in Sources */ = {isa = PBXBuildFile; fileRef = 6D11FCB428751A89003DD6ED /* RepeatDaySettingView.swift */; };
		6D11FCB728752948003DD6ED /* SoundSettingView.swift in Sources */ = {isa = PBXBuildFile; fileRef = 6D11FCB628752948003DD6ED /* SoundSettingView.swift */; };
		6D35A84A29129694009919A7 /* MainView.swift in Sources */ = {isa = PBXBuildFile; fileRef = 6D35A84929129694009919A7 /* MainView.swift */; };
		6D35A84C2913A190009919A7 /* AppSettingView.swift in Sources */ = {isa = PBXBuildFile; fileRef = 6D35A84B2913A190009919A7 /* AppSettingView.swift */; };
		6D35A84E2913C955009919A7 /* SoundDataModel.swift in Sources */ = {isa = PBXBuildFile; fileRef = 6D35A84D2913C955009919A7 /* SoundDataModel.swift */; };
		6D35A8512913CBF7009919A7 /* SoundData+CoreDataClass.swift in Sources */ = {isa = PBXBuildFile; fileRef = 6D35A84F2913CBF7009919A7 /* SoundData+CoreDataClass.swift */; };
		6D35A8522913CBF7009919A7 /* SoundData+CoreDataProperties.swift in Sources */ = {isa = PBXBuildFile; fileRef = 6D35A8502913CBF7009919A7 /* SoundData+CoreDataProperties.swift */; };
		6D35A8542913F3D4009919A7 /* SoundRow.swift in Sources */ = {isa = PBXBuildFile; fileRef = 6D35A8532913F3D4009919A7 /* SoundRow.swift */; };
		6D3AE2362879B0C6005ECED6 /* ColorTagSettingView.swift in Sources */ = {isa = PBXBuildFile; fileRef = 6D3AE2352879B0C6005ECED6 /* ColorTagSettingView.swift */; };
		6D3AE23B287FF03D005ECED6 /* NotificationLocally.swift in Sources */ = {isa = PBXBuildFile; fileRef = 6D3AE23A287FF03D005ECED6 /* NotificationLocally.swift */; };
		6D4BB4CF2869A3D200F4C115 /* CustomAlarmApp.swift in Sources */ = {isa = PBXBuildFile; fileRef = 6D4BB4CE2869A3D200F4C115 /* CustomAlarmApp.swift */; };
		6D4BB4D12869A3D200F4C115 /* ContentView.swift in Sources */ = {isa = PBXBuildFile; fileRef = 6D4BB4D02869A3D200F4C115 /* ContentView.swift */; };
		6D4BB4D32869A3D400F4C115 /* Assets.xcassets in Resources */ = {isa = PBXBuildFile; fileRef = 6D4BB4D22869A3D400F4C115 /* Assets.xcassets */; };
		6D4BB4D62869A3D400F4C115 /* Preview Assets.xcassets in Resources */ = {isa = PBXBuildFile; fileRef = 6D4BB4D52869A3D400F4C115 /* Preview Assets.xcassets */; };
		6D4BB4D82869A3D400F4C115 /* Persistence.swift in Sources */ = {isa = PBXBuildFile; fileRef = 6D4BB4D72869A3D400F4C115 /* Persistence.swift */; };
		6D4BB4DB2869A3D400F4C115 /* CustomAlarm.xcdatamodeld in Sources */ = {isa = PBXBuildFile; fileRef = 6D4BB4D92869A3D400F4C115 /* CustomAlarm.xcdatamodeld */; };
		6D4BB4E22869A6C400F4C115 /* AlarmRow.swift in Sources */ = {isa = PBXBuildFile; fileRef = 6D4BB4E12869A6C400F4C115 /* AlarmRow.swift */; };
		6D4BB4E52869AE7900F4C115 /* AlarmData+CoreDataClass.swift in Sources */ = {isa = PBXBuildFile; fileRef = 6D4BB4E32869AE7900F4C115 /* AlarmData+CoreDataClass.swift */; };
		6D4BB4E62869AE7900F4C115 /* AlarmData+CoreDataProperties.swift in Sources */ = {isa = PBXBuildFile; fileRef = 6D4BB4E42869AE7900F4C115 /* AlarmData+CoreDataProperties.swift */; };
		6D4BB4E82869B9CC00F4C115 /* SettingView.swift in Sources */ = {isa = PBXBuildFile; fileRef = 6D4BB4E72869B9CC00F4C115 /* SettingView.swift */; };
		6D4BB4EA2869BE6700F4C115 /* DataAccess.swift in Sources */ = {isa = PBXBuildFile; fileRef = 6D4BB4E92869BE6700F4C115 /* DataAccess.swift */; };
		6D4BB50F286D882A00F4C115 /* DataModel.swift in Sources */ = {isa = PBXBuildFile; fileRef = 6D4BB50E286D882A00F4C115 /* DataModel.swift */; };
		6D4DF865291636ED00EB2B23 /* SoundCreatView.swift in Sources */ = {isa = PBXBuildFile; fileRef = 6D4DF864291636ED00EB2B23 /* SoundCreatView.swift */; };
		6D978B29288CFA4B007D13B2 /* YoutubePlayView.swift in Sources */ = {isa = PBXBuildFile; fileRef = 6D978B28288CFA4B007D13B2 /* YoutubePlayView.swift */; };
		6D978B2E288D19A4007D13B2 /* YouTubePlayerKit in Frameworks */ = {isa = PBXBuildFile; productRef = 6D978B2D288D19A4007D13B2 /* YouTubePlayerKit */; };
		6D978B30288D2D77007D13B2 /* ForgroungOnOff.swift in Sources */ = {isa = PBXBuildFile; fileRef = 6D978B2F288D2D77007D13B2 /* ForgroungOnOff.swift */; };
/* End PBXBuildFile section */

/* Begin PBXFileReference section */
		6D11FCB22871DD8A003DD6ED /* LabelSettingView.swift */ = {isa = PBXFileReference; lastKnownFileType = sourcecode.swift; path = LabelSettingView.swift; sourceTree = "<group>"; };
		6D11FCB428751A89003DD6ED /* RepeatDaySettingView.swift */ = {isa = PBXFileReference; lastKnownFileType = sourcecode.swift; path = RepeatDaySettingView.swift; sourceTree = "<group>"; };
		6D11FCB628752948003DD6ED /* SoundSettingView.swift */ = {isa = PBXFileReference; lastKnownFileType = sourcecode.swift; path = SoundSettingView.swift; sourceTree = "<group>"; };
		6D35A84929129694009919A7 /* MainView.swift */ = {isa = PBXFileReference; lastKnownFileType = sourcecode.swift; path = MainView.swift; sourceTree = "<group>"; };
		6D35A84B2913A190009919A7 /* AppSettingView.swift */ = {isa = PBXFileReference; lastKnownFileType = sourcecode.swift; path = AppSettingView.swift; sourceTree = "<group>"; };
		6D35A84D2913C955009919A7 /* SoundDataModel.swift */ = {isa = PBXFileReference; lastKnownFileType = sourcecode.swift; path = SoundDataModel.swift; sourceTree = "<group>"; };
		6D35A84F2913CBF7009919A7 /* SoundData+CoreDataClass.swift */ = {isa = PBXFileReference; lastKnownFileType = sourcecode.swift; path = "SoundData+CoreDataClass.swift"; sourceTree = "<group>"; };
		6D35A8502913CBF7009919A7 /* SoundData+CoreDataProperties.swift */ = {isa = PBXFileReference; lastKnownFileType = sourcecode.swift; path = "SoundData+CoreDataProperties.swift"; sourceTree = "<group>"; };
		6D35A8532913F3D4009919A7 /* SoundRow.swift */ = {isa = PBXFileReference; lastKnownFileType = sourcecode.swift; path = SoundRow.swift; sourceTree = "<group>"; };
		6D3AE2352879B0C6005ECED6 /* ColorTagSettingView.swift */ = {isa = PBXFileReference; lastKnownFileType = sourcecode.swift; path = ColorTagSettingView.swift; sourceTree = "<group>"; };
		6D3AE237287BF6C4005ECED6 /* Info.plist */ = {isa = PBXFileReference; lastKnownFileType = text.plist; path = Info.plist; sourceTree = "<group>"; };
		6D3AE23A287FF03D005ECED6 /* NotificationLocally.swift */ = {isa = PBXFileReference; lastKnownFileType = sourcecode.swift; path = NotificationLocally.swift; sourceTree = "<group>"; };
		6D4BB4CB2869A3D200F4C115 /* CustomAlarm.app */ = {isa = PBXFileReference; explicitFileType = wrapper.application; includeInIndex = 0; path = CustomAlarm.app; sourceTree = BUILT_PRODUCTS_DIR; };
		6D4BB4CE2869A3D200F4C115 /* CustomAlarmApp.swift */ = {isa = PBXFileReference; lastKnownFileType = sourcecode.swift; path = CustomAlarmApp.swift; sourceTree = "<group>"; };
		6D4BB4D02869A3D200F4C115 /* ContentView.swift */ = {isa = PBXFileReference; lastKnownFileType = sourcecode.swift; path = ContentView.swift; sourceTree = "<group>"; };
		6D4BB4D22869A3D400F4C115 /* Assets.xcassets */ = {isa = PBXFileReference; lastKnownFileType = folder.assetcatalog; path = Assets.xcassets; sourceTree = "<group>"; };
		6D4BB4D52869A3D400F4C115 /* Preview Assets.xcassets */ = {isa = PBXFileReference; lastKnownFileType = folder.assetcatalog; path = "Preview Assets.xcassets"; sourceTree = "<group>"; };
		6D4BB4D72869A3D400F4C115 /* Persistence.swift */ = {isa = PBXFileReference; lastKnownFileType = sourcecode.swift; path = Persistence.swift; sourceTree = "<group>"; };
		6D4BB4DA2869A3D400F4C115 /* CustomAlarm.xcdatamodel */ = {isa = PBXFileReference; lastKnownFileType = wrapper.xcdatamodel; path = CustomAlarm.xcdatamodel; sourceTree = "<group>"; };
		6D4BB4E12869A6C400F4C115 /* AlarmRow.swift */ = {isa = PBXFileReference; lastKnownFileType = sourcecode.swift; path = AlarmRow.swift; sourceTree = "<group>"; };
		6D4BB4E32869AE7900F4C115 /* AlarmData+CoreDataClass.swift */ = {isa = PBXFileReference; lastKnownFileType = sourcecode.swift; path = "AlarmData+CoreDataClass.swift"; sourceTree = "<group>"; };
		6D4BB4E42869AE7900F4C115 /* AlarmData+CoreDataProperties.swift */ = {isa = PBXFileReference; lastKnownFileType = sourcecode.swift; path = "AlarmData+CoreDataProperties.swift"; sourceTree = "<group>"; };
		6D4BB4E72869B9CC00F4C115 /* SettingView.swift */ = {isa = PBXFileReference; lastKnownFileType = sourcecode.swift; path = SettingView.swift; sourceTree = "<group>"; };
		6D4BB4E92869BE6700F4C115 /* DataAccess.swift */ = {isa = PBXFileReference; lastKnownFileType = sourcecode.swift; path = DataAccess.swift; sourceTree = "<group>"; };
		6D4BB50E286D882A00F4C115 /* DataModel.swift */ = {isa = PBXFileReference; lastKnownFileType = sourcecode.swift; path = DataModel.swift; sourceTree = "<group>"; };
		6D4DF864291636ED00EB2B23 /* SoundCreatView.swift */ = {isa = PBXFileReference; lastKnownFileType = sourcecode.swift; path = SoundCreatView.swift; sourceTree = "<group>"; };
		6D978B28288CFA4B007D13B2 /* YoutubePlayView.swift */ = {isa = PBXFileReference; lastKnownFileType = sourcecode.swift; path = YoutubePlayView.swift; sourceTree = "<group>"; };
		6D978B2F288D2D77007D13B2 /* ForgroungOnOff.swift */ = {isa = PBXFileReference; lastKnownFileType = sourcecode.swift; path = ForgroungOnOff.swift; sourceTree = "<group>"; };
/* End PBXFileReference section */

/* Begin PBXFrameworksBuildPhase section */
		6D4BB4C82869A3D200F4C115 /* Frameworks */ = {
			isa = PBXFrameworksBuildPhase;
			buildActionMask = 2147483647;
			files = (
				6D978B2E288D19A4007D13B2 /* YouTubePlayerKit in Frameworks */,
			);
			runOnlyForDeploymentPostprocessing = 0;
		};
/* End PBXFrameworksBuildPhase section */

/* Begin PBXGroup section */
		6D4BB4C22869A3D200F4C115 = {
			isa = PBXGroup;
			children = (
				6D35A84F2913CBF7009919A7 /* SoundData+CoreDataClass.swift */,
				6D35A8502913CBF7009919A7 /* SoundData+CoreDataProperties.swift */,
				6D4BB4E32869AE7900F4C115 /* AlarmData+CoreDataClass.swift */,
				6D4BB4E42869AE7900F4C115 /* AlarmData+CoreDataProperties.swift */,
				6D4BB4CD2869A3D200F4C115 /* CustomAlarm */,
				6D4BB4CC2869A3D200F4C115 /* Products */,
			);
			sourceTree = "<group>";
		};
		6D4BB4CC2869A3D200F4C115 /* Products */ = {
			isa = PBXGroup;
			children = (
				6D4BB4CB2869A3D200F4C115 /* CustomAlarm.app */,
			);
			name = Products;
			sourceTree = "<group>";
		};
		6D4BB4CD2869A3D200F4C115 /* CustomAlarm */ = {
			isa = PBXGroup;
			children = (
				6D3AE237287BF6C4005ECED6 /* Info.plist */,
				6D4BB4D72869A3D400F4C115 /* Persistence.swift */,
				6D4BB50E286D882A00F4C115 /* DataModel.swift */,
				6D35A84D2913C955009919A7 /* SoundDataModel.swift */,
				6D4BB4CE2869A3D200F4C115 /* CustomAlarmApp.swift */,
				6D35A84929129694009919A7 /* MainView.swift */,
				6D4BB4D02869A3D200F4C115 /* ContentView.swift */,
				6D4BB4E12869A6C400F4C115 /* AlarmRow.swift */,
				6D35A84B2913A190009919A7 /* AppSettingView.swift */,
				6D35A8532913F3D4009919A7 /* SoundRow.swift */,
				6D4BB4D22869A3D400F4C115 /* Assets.xcassets */,
				6D4BB4E72869B9CC00F4C115 /* SettingView.swift */,
				6D978B2F288D2D77007D13B2 /* ForgroungOnOff.swift */,
				6D11FCB428751A89003DD6ED /* RepeatDaySettingView.swift */,
				6D11FCB22871DD8A003DD6ED /* LabelSettingView.swift */,
				6D11FCB628752948003DD6ED /* SoundSettingView.swift */,
				6D3AE2352879B0C6005ECED6 /* ColorTagSettingView.swift */,
				6D4DF864291636ED00EB2B23 /* SoundCreatView.swift */,
				6D978B28288CFA4B007D13B2 /* YoutubePlayView.swift */,
				6D3AE23A287FF03D005ECED6 /* NotificationLocally.swift */,
				6D4BB4E92869BE6700F4C115 /* DataAccess.swift */,
				6D4BB4D92869A3D400F4C115 /* CustomAlarm.xcdatamodeld */,
				6D4BB4D42869A3D400F4C115 /* Preview Content */,
			);
			path = CustomAlarm;
			sourceTree = "<group>";
		};
		6D4BB4D42869A3D400F4C115 /* Preview Content */ = {
			isa = PBXGroup;
			children = (
				6D4BB4D52869A3D400F4C115 /* Preview Assets.xcassets */,
			);
			path = "Preview Content";
			sourceTree = "<group>";
		};
/* End PBXGroup section */

/* Begin PBXNativeTarget section */
		6D4BB4CA2869A3D200F4C115 /* CustomAlarm */ = {
			isa = PBXNativeTarget;
			buildConfigurationList = 6D4BB4DE2869A3D400F4C115 /* Build configuration list for PBXNativeTarget "CustomAlarm" */;
			buildPhases = (
				6D4BB4C72869A3D200F4C115 /* Sources */,
				6D4BB4C82869A3D200F4C115 /* Frameworks */,
				6D4BB4C92869A3D200F4C115 /* Resources */,
			);
			buildRules = (
			);
			dependencies = (
			);
			name = CustomAlarm;
			packageProductDependencies = (
				6D978B2D288D19A4007D13B2 /* YouTubePlayerKit */,
			);
			productName = CustomAlarm;
			productReference = 6D4BB4CB2869A3D200F4C115 /* CustomAlarm.app */;
			productType = "com.apple.product-type.application";
		};
/* End PBXNativeTarget section */

/* Begin PBXProject section */
		6D4BB4C32869A3D200F4C115 /* Project object */ = {
			isa = PBXProject;
			attributes = {
				BuildIndependentTargetsInParallel = 1;
				LastSwiftUpdateCheck = 1340;
				LastUpgradeCheck = 1340;
				TargetAttributes = {
					6D4BB4CA2869A3D200F4C115 = {
						CreatedOnToolsVersion = 13.4.1;
					};
				};
			};
			buildConfigurationList = 6D4BB4C62869A3D200F4C115 /* Build configuration list for PBXProject "CustomAlarm" */;
			compatibilityVersion = "Xcode 13.0";
			developmentRegion = en;
			hasScannedForEncodings = 0;
			knownRegions = (
				en,
				Base,
			);
			mainGroup = 6D4BB4C22869A3D200F4C115;
			packageReferences = (
				6D978B2C288D19A4007D13B2 /* XCRemoteSwiftPackageReference "YouTubePlayerKit" */,
			);
			productRefGroup = 6D4BB4CC2869A3D200F4C115 /* Products */;
			projectDirPath = "";
			projectRoot = "";
			targets = (
				6D4BB4CA2869A3D200F4C115 /* CustomAlarm */,
			);
		};
/* End PBXProject section */

/* Begin PBXResourcesBuildPhase section */
		6D4BB4C92869A3D200F4C115 /* Resources */ = {
			isa = PBXResourcesBuildPhase;
			buildActionMask = 2147483647;
			files = (
				6D4BB4D62869A3D400F4C115 /* Preview Assets.xcassets in Resources */,
				6D4BB4D32869A3D400F4C115 /* Assets.xcassets in Resources */,
			);
			runOnlyForDeploymentPostprocessing = 0;
		};
/* End PBXResourcesBuildPhase section */

/* Begin PBXSourcesBuildPhase section */
		6D4BB4C72869A3D200F4C115 /* Sources */ = {
			isa = PBXSourcesBuildPhase;
			buildActionMask = 2147483647;
			files = (
				6D35A8512913CBF7009919A7 /* SoundData+CoreDataClass.swift in Sources */,
				6D11FCB728752948003DD6ED /* SoundSettingView.swift in Sources */,
				6D4DF865291636ED00EB2B23 /* SoundCreatView.swift in Sources */,
				6D35A84A29129694009919A7 /* MainView.swift in Sources */,
				6D4BB4E22869A6C400F4C115 /* AlarmRow.swift in Sources */,
				6D35A84E2913C955009919A7 /* SoundDataModel.swift in Sources */,
				6D11FCB528751A89003DD6ED /* RepeatDaySettingView.swift in Sources */,
				6D11FCB32871DD8A003DD6ED /* LabelSettingView.swift in Sources */,
				6D4BB4DB2869A3D400F4C115 /* CustomAlarm.xcdatamodeld in Sources */,
				6D35A84C2913A190009919A7 /* AppSettingView.swift in Sources */,
				6D4BB4E62869AE7900F4C115 /* AlarmData+CoreDataProperties.swift in Sources */,
				6D35A8542913F3D4009919A7 /* SoundRow.swift in Sources */,
				6D4BB4D82869A3D400F4C115 /* Persistence.swift in Sources */,
				6D4BB4D12869A3D200F4C115 /* ContentView.swift in Sources */,
				6D3AE2362879B0C6005ECED6 /* ColorTagSettingView.swift in Sources */,
				6D978B30288D2D77007D13B2 /* ForgroungOnOff.swift in Sources */,
				6D4BB50F286D882A00F4C115 /* DataModel.swift in Sources */,
				6D3AE23B287FF03D005ECED6 /* NotificationLocally.swift in Sources */,
				6D4BB4E82869B9CC00F4C115 /* SettingView.swift in Sources */,
				6D35A8522913CBF7009919A7 /* SoundData+CoreDataProperties.swift in Sources */,
				6D4BB4CF2869A3D200F4C115 /* CustomAlarmApp.swift in Sources */,
				6D4BB4EA2869BE6700F4C115 /* DataAccess.swift in Sources */,
				6D4BB4E52869AE7900F4C115 /* AlarmData+CoreDataClass.swift in Sources */,
				6D978B29288CFA4B007D13B2 /* YoutubePlayView.swift in Sources */,
			);
			runOnlyForDeploymentPostprocessing = 0;
		};
/* End PBXSourcesBuildPhase section */

/* Begin XCBuildConfiguration section */
		6D4BB4DC2869A3D400F4C115 /* Debug */ = {
			isa = XCBuildConfiguration;
			buildSettings = {
				ALWAYS_SEARCH_USER_PATHS = NO;
				CLANG_ANALYZER_NONNULL = YES;
				CLANG_ANALYZER_NUMBER_OBJECT_CONVERSION = YES_AGGRESSIVE;
				CLANG_CXX_LANGUAGE_STANDARD = "gnu++17";
				CLANG_ENABLE_MODULES = YES;
				CLANG_ENABLE_OBJC_ARC = YES;
				CLANG_ENABLE_OBJC_WEAK = YES;
				CLANG_WARN_BLOCK_CAPTURE_AUTORELEASING = YES;
				CLANG_WARN_BOOL_CONVERSION = YES;
				CLANG_WARN_COMMA = YES;
				CLANG_WARN_CONSTANT_CONVERSION = YES;
				CLANG_WARN_DEPRECATED_OBJC_IMPLEMENTATIONS = YES;
				CLANG_WARN_DIRECT_OBJC_ISA_USAGE = YES_ERROR;
				CLANG_WARN_DOCUMENTATION_COMMENTS = YES;
				CLANG_WARN_EMPTY_BODY = YES;
				CLANG_WARN_ENUM_CONVERSION = YES;
				CLANG_WARN_INFINITE_RECURSION = YES;
				CLANG_WARN_INT_CONVERSION = YES;
				CLANG_WARN_NON_LITERAL_NULL_CONVERSION = YES;
				CLANG_WARN_OBJC_IMPLICIT_RETAIN_SELF = YES;
				CLANG_WARN_OBJC_LITERAL_CONVERSION = YES;
				CLANG_WARN_OBJC_ROOT_CLASS = YES_ERROR;
				CLANG_WARN_QUOTED_INCLUDE_IN_FRAMEWORK_HEADER = YES;
				CLANG_WARN_RANGE_LOOP_ANALYSIS = YES;
				CLANG_WARN_STRICT_PROTOTYPES = YES;
				CLANG_WARN_SUSPICIOUS_MOVE = YES;
				CLANG_WARN_UNGUARDED_AVAILABILITY = YES_AGGRESSIVE;
				CLANG_WARN_UNREACHABLE_CODE = YES;
				CLANG_WARN__DUPLICATE_METHOD_MATCH = YES;
				COPY_PHASE_STRIP = NO;
				DEBUG_INFORMATION_FORMAT = dwarf;
				ENABLE_STRICT_OBJC_MSGSEND = YES;
				ENABLE_TESTABILITY = YES;
				GCC_C_LANGUAGE_STANDARD = gnu11;
				GCC_DYNAMIC_NO_PIC = NO;
				GCC_NO_COMMON_BLOCKS = YES;
				GCC_OPTIMIZATION_LEVEL = 0;
				GCC_PREPROCESSOR_DEFINITIONS = (
					"DEBUG=1",
					"$(inherited)",
				);
				GCC_WARN_64_TO_32_BIT_CONVERSION = YES;
				GCC_WARN_ABOUT_RETURN_TYPE = YES_ERROR;
				GCC_WARN_UNDECLARED_SELECTOR = YES;
				GCC_WARN_UNINITIALIZED_AUTOS = YES_AGGRESSIVE;
				GCC_WARN_UNUSED_FUNCTION = YES;
				GCC_WARN_UNUSED_VARIABLE = YES;
				IPHONEOS_DEPLOYMENT_TARGET = 15.5;
				MTL_ENABLE_DEBUG_INFO = INCLUDE_SOURCE;
				MTL_FAST_MATH = YES;
				ONLY_ACTIVE_ARCH = YES;
				SDKROOT = iphoneos;
				SWIFT_ACTIVE_COMPILATION_CONDITIONS = DEBUG;
				SWIFT_OPTIMIZATION_LEVEL = "-Onone";
			};
			name = Debug;
		};
		6D4BB4DD2869A3D400F4C115 /* Release */ = {
			isa = XCBuildConfiguration;
			buildSettings = {
				ALWAYS_SEARCH_USER_PATHS = NO;
				CLANG_ANALYZER_NONNULL = YES;
				CLANG_ANALYZER_NUMBER_OBJECT_CONVERSION = YES_AGGRESSIVE;
				CLANG_CXX_LANGUAGE_STANDARD = "gnu++17";
				CLANG_ENABLE_MODULES = YES;
				CLANG_ENABLE_OBJC_ARC = YES;
				CLANG_ENABLE_OBJC_WEAK = YES;
				CLANG_WARN_BLOCK_CAPTURE_AUTORELEASING = YES;
				CLANG_WARN_BOOL_CONVERSION = YES;
				CLANG_WARN_COMMA = YES;
				CLANG_WARN_CONSTANT_CONVERSION = YES;
				CLANG_WARN_DEPRECATED_OBJC_IMPLEMENTATIONS = YES;
				CLANG_WARN_DIRECT_OBJC_ISA_USAGE = YES_ERROR;
				CLANG_WARN_DOCUMENTATION_COMMENTS = YES;
				CLANG_WARN_EMPTY_BODY = YES;
				CLANG_WARN_ENUM_CONVERSION = YES;
				CLANG_WARN_INFINITE_RECURSION = YES;
				CLANG_WARN_INT_CONVERSION = YES;
				CLANG_WARN_NON_LITERAL_NULL_CONVERSION = YES;
				CLANG_WARN_OBJC_IMPLICIT_RETAIN_SELF = YES;
				CLANG_WARN_OBJC_LITERAL_CONVERSION = YES;
				CLANG_WARN_OBJC_ROOT_CLASS = YES_ERROR;
				CLANG_WARN_QUOTED_INCLUDE_IN_FRAMEWORK_HEADER = YES;
				CLANG_WARN_RANGE_LOOP_ANALYSIS = YES;
				CLANG_WARN_STRICT_PROTOTYPES = YES;
				CLANG_WARN_SUSPICIOUS_MOVE = YES;
				CLANG_WARN_UNGUARDED_AVAILABILITY = YES_AGGRESSIVE;
				CLANG_WARN_UNREACHABLE_CODE = YES;
				CLANG_WARN__DUPLICATE_METHOD_MATCH = YES;
				COPY_PHASE_STRIP = NO;
				DEBUG_INFORMATION_FORMAT = "dwarf-with-dsym";
				ENABLE_NS_ASSERTIONS = NO;
				ENABLE_STRICT_OBJC_MSGSEND = YES;
				GCC_C_LANGUAGE_STANDARD = gnu11;
				GCC_NO_COMMON_BLOCKS = YES;
				GCC_WARN_64_TO_32_BIT_CONVERSION = YES;
				GCC_WARN_ABOUT_RETURN_TYPE = YES_ERROR;
				GCC_WARN_UNDECLARED_SELECTOR = YES;
				GCC_WARN_UNINITIALIZED_AUTOS = YES_AGGRESSIVE;
				GCC_WARN_UNUSED_FUNCTION = YES;
				GCC_WARN_UNUSED_VARIABLE = YES;
				IPHONEOS_DEPLOYMENT_TARGET = 15.5;
				MTL_ENABLE_DEBUG_INFO = NO;
				MTL_FAST_MATH = YES;
				SDKROOT = iphoneos;
				SWIFT_COMPILATION_MODE = wholemodule;
				SWIFT_OPTIMIZATION_LEVEL = "-O";
				VALIDATE_PRODUCT = YES;
			};
			name = Release;
		};
		6D4BB4DF2869A3D400F4C115 /* Debug */ = {
			isa = XCBuildConfiguration;
			buildSettings = {
				ASSETCATALOG_COMPILER_APPICON_NAME = AppIcon;
				ASSETCATALOG_COMPILER_GLOBAL_ACCENT_COLOR_NAME = AccentColor;
				CODE_SIGN_STYLE = Automatic;
				CURRENT_PROJECT_VERSION = 1;
				DEVELOPMENT_ASSET_PATHS = "\"CustomAlarm/Preview Content\"";
				DEVELOPMENT_TEAM = 7U3L9T7778;
				ENABLE_PREVIEWS = YES;
				GENERATE_INFOPLIST_FILE = YES;
				INFOPLIST_FILE = CustomAlarm/Info.plist;
				INFOPLIST_KEY_UIApplicationSceneManifest_Generation = YES;
				INFOPLIST_KEY_UIApplicationSupportsIndirectInputEvents = YES;
				INFOPLIST_KEY_UILaunchScreen_Generation = YES;
				INFOPLIST_KEY_UISupportedInterfaceOrientations_iPad = "UIInterfaceOrientationPortrait UIInterfaceOrientationPortraitUpsideDown UIInterfaceOrientationLandscapeLeft UIInterfaceOrientationLandscapeRight";
				INFOPLIST_KEY_UISupportedInterfaceOrientations_iPhone = "UIInterfaceOrientationPortrait UIInterfaceOrientationLandscapeLeft UIInterfaceOrientationLandscapeRight";
				INFOPLIST_KEY_UIUserInterfaceStyle = Dark;
				LD_RUNPATH_SEARCH_PATHS = (
					"$(inherited)",
					"@executable_path/Frameworks",
				);
				MARKETING_VERSION = 1.0;
				PRODUCT_BUNDLE_IDENTIFIER = horisho.abdevs.CustomAlarm;
				PRODUCT_NAME = "$(TARGET_NAME)";
				SWIFT_EMIT_LOC_STRINGS = YES;
				SWIFT_VERSION = 5.0;
				TARGETED_DEVICE_FAMILY = "1,2";
			};
			name = Debug;
		};
		6D4BB4E02869A3D400F4C115 /* Release */ = {
			isa = XCBuildConfiguration;
			buildSettings = {
				ASSETCATALOG_COMPILER_APPICON_NAME = AppIcon;
				ASSETCATALOG_COMPILER_GLOBAL_ACCENT_COLOR_NAME = AccentColor;
				CODE_SIGN_STYLE = Automatic;
				CURRENT_PROJECT_VERSION = 1;
				DEVELOPMENT_ASSET_PATHS = "\"CustomAlarm/Preview Content\"";
				DEVELOPMENT_TEAM = 7U3L9T7778;
				ENABLE_PREVIEWS = YES;
				GENERATE_INFOPLIST_FILE = YES;
				INFOPLIST_FILE = CustomAlarm/Info.plist;
				INFOPLIST_KEY_UIApplicationSceneManifest_Generation = YES;
				INFOPLIST_KEY_UIApplicationSupportsIndirectInputEvents = YES;
				INFOPLIST_KEY_UILaunchScreen_Generation = YES;
				INFOPLIST_KEY_UISupportedInterfaceOrientations_iPad = "UIInterfaceOrientationPortrait UIInterfaceOrientationPortraitUpsideDown UIInterfaceOrientationLandscapeLeft UIInterfaceOrientationLandscapeRight";
				INFOPLIST_KEY_UISupportedInterfaceOrientations_iPhone = "UIInterfaceOrientationPortrait UIInterfaceOrientationLandscapeLeft UIInterfaceOrientationLandscapeRight";
				INFOPLIST_KEY_UIUserInterfaceStyle = Dark;
				LD_RUNPATH_SEARCH_PATHS = (
					"$(inherited)",
					"@executable_path/Frameworks",
				);
				MARKETING_VERSION = 1.0;
				PRODUCT_BUNDLE_IDENTIFIER = horisho.abdevs.CustomAlarm;
				PRODUCT_NAME = "$(TARGET_NAME)";
				SWIFT_EMIT_LOC_STRINGS = YES;
				SWIFT_VERSION = 5.0;
				TARGETED_DEVICE_FAMILY = "1,2";
			};
			name = Release;
		};
/* End XCBuildConfiguration section */

/* Begin XCConfigurationList section */
		6D4BB4C62869A3D200F4C115 /* Build configuration list for PBXProject "CustomAlarm" */ = {
			isa = XCConfigurationList;
			buildConfigurations = (
				6D4BB4DC2869A3D400F4C115 /* Debug */,
				6D4BB4DD2869A3D400F4C115 /* Release */,
			);
			defaultConfigurationIsVisible = 0;
			defaultConfigurationName = Release;
		};
		6D4BB4DE2869A3D400F4C115 /* Build configuration list for PBXNativeTarget "CustomAlarm" */ = {
			isa = XCConfigurationList;
			buildConfigurations = (
				6D4BB4DF2869A3D400F4C115 /* Debug */,
				6D4BB4E02869A3D400F4C115 /* Release */,
			);
			defaultConfigurationIsVisible = 0;
			defaultConfigurationName = Release;
		};
/* End XCConfigurationList section */

/* Begin XCRemoteSwiftPackageReference section */
		6D978B2C288D19A4007D13B2 /* XCRemoteSwiftPackageReference "YouTubePlayerKit" */ = {
			isa = XCRemoteSwiftPackageReference;
			repositoryURL = "https://github.com/SvenTiigi/YouTubePlayerKit.git";
			requirement = {
				kind = upToNextMajorVersion;
				minimumVersion = 1.1.0;
			};
		};
/* End XCRemoteSwiftPackageReference section */

/* Begin XCSwiftPackageProductDependency section */
		6D978B2D288D19A4007D13B2 /* YouTubePlayerKit */ = {
			isa = XCSwiftPackageProductDependency;
			package = 6D978B2C288D19A4007D13B2 /* XCRemoteSwiftPackageReference "YouTubePlayerKit" */;
			productName = YouTubePlayerKit;
		};
/* End XCSwiftPackageProductDependency section */

/* Begin XCVersionGroup section */
		6D4BB4D92869A3D400F4C115 /* CustomAlarm.xcdatamodeld */ = {
			isa = XCVersionGroup;
			children = (
				6D4BB4DA2869A3D400F4C115 /* CustomAlarm.xcdatamodel */,
			);
			currentVersion = 6D4BB4DA2869A3D400F4C115 /* CustomAlarm.xcdatamodel */;
			path = CustomAlarm.xcdatamodeld;
			sourceTree = "<group>";
			versionGroupType = wrapper.xcdatamodel;
		};
/* End XCVersionGroup section */
	};
	rootObject = 6D4BB4C32869A3D200F4C115 /* Project object */;
}
